
Microsoft Visual Studio Solution File, Format Version 12.00
# Visual Studio Version 17
VisualStudioVersion = 17.0.31903.59
MinimumVisualStudioVersion = 10.0.40219.1
Project("{FAE04EC0-301F-11D3-BF4B-00C04F79EFBC}") = "aula1", "aula1\aula1.csproj", "{35EEEE0C-71F0-4F2F-AC55-519F86C1BDBE}"
EndProject
Project("{FAE04EC0-301F-11D3-BF4B-00C04F79EFBC}") = "aula2", "aula2\aula2.csproj", "{2BB59CC7-E06A-490D-9180-FAB84EDA6346}"
EndProject
Project("{FAE04EC0-301F-11D3-BF4B-00C04F79EFBC}") = "aula3", "aula3\aula3.csproj", "{8DC2297F-763A-423E-AF04-EED4648611FB}"
EndProject
Project("{FAE04EC0-301F-11D3-BF4B-00C04F79EFBC}") = "aula4", "aula4\aula4.csproj", "{A26FC36B-DC9A-4607-80E7-5A95DD47806A}"
EndProject
Project("{FAE04EC0-301F-11D3-BF4B-00C04F79EFBC}") = "aula5", "aula5\aula5.csproj", "{A3AFC7C2-EF4C-4580-AFA7-697050658C36}"
EndProject
Project("{FAE04EC0-301F-11D3-BF4B-00C04F79EFBC}") = "aula6", "aula6\aula6.csproj", "{0EC505AC-72FB-4D88-8AC0-92547F8B4F1E}"
EndProject
Project("{FAE04EC0-301F-11D3-BF4B-00C04F79EFBC}") = "aula7", "aula7\aula7.csproj", "{52F8FB79-9C58-4105-B1C7-9C2794AA4F22}"
EndProject
Project("{FAE04EC0-301F-11D3-BF4B-00C04F79EFBC}") = "aula8", "aula8\aula8.csproj", "{CF7753CB-ADEE-4FCF-8C3A-C569639D0F15}"
EndProject
Project("{FAE04EC0-301F-11D3-BF4B-00C04F79EFBC}") = "aula9", "aula9\aula9.csproj", "{EE3395FB-2407-43F7-AAAD-020D2DD420B7}"
EndProject
Project("{FAE04EC0-301F-11D3-BF4B-00C04F79EFBC}") = "exercicio1", "exercicio1\exercicio1.csproj", "{DE6B62DB-19A8-426E-8017-5B4F25C8BCEF}"
EndProject
Project("{FAE04EC0-301F-11D3-BF4B-00C04F79EFBC}") = "aula10", "aula10\aula10.csproj", "{AC0BB863-7AA8-4E0A-BB7C-ADD9414771EE}"
EndProject
Project("{FAE04EC0-301F-11D3-BF4B-00C04F79EFBC}") = "aula11", "aula11\aula11.csproj", "{BB1C3259-2852-4D6A-8096-830F4B608989}"
EndProject
Project("{FAE04EC0-301F-11D3-BF4B-00C04F79EFBC}") = "aula12", "aula12\aula12.csproj", "{D05D81B3-2384-42FF-878D-76E7C3069B5E}"
EndProject
Project("{FAE04EC0-301F-11D3-BF4B-00C04F79EFBC}") = "aula13", "aula13\aula13.csproj", "{BC93B181-EBB6-4AB8-88ED-06D4509834F5}"
EndProject
Project("{FAE04EC0-301F-11D3-BF4B-00C04F79EFBC}") = "aula14", "aula14\aula14.csproj", "{8FE1CC17-55EE-4605-A53F-192FCE6A9AB5}"
EndProject
Project("{FAE04EC0-301F-11D3-BF4B-00C04F79EFBC}") = "exercicio2", "exercicio2\exercicio2.csproj", "{0F18DE56-9CB3-439C-A27D-25EA09704EDF}"
EndProject
Project("{FAE04EC0-301F-11D3-BF4B-00C04F79EFBC}") = "aula15", "aula15\aula15.csproj", "{A63F64E4-5627-4D02-A22B-0A7E31C05714}"
EndProject
Project("{FAE04EC0-301F-11D3-BF4B-00C04F79EFBC}") = "exercicio3", "exercicio3\exercicio3.csproj", "{531E780D-D392-4AB9-895D-F6EF82FC2C5A}"
EndProject
Project("{FAE04EC0-301F-11D3-BF4B-00C04F79EFBC}") = "exercicio4", "exercicio4\exercicio4.csproj", "{A8942FAD-0D65-49B6-A990-CE68A055303B}"
EndProject
Project("{FAE04EC0-301F-11D3-BF4B-00C04F79EFBC}") = "exercicio5", "exercicio5\exercicio5.csproj", "{BAD44188-B051-4648-8F23-87A2B1DE3F06}"
EndProject
Project("{FAE04EC0-301F-11D3-BF4B-00C04F79EFBC}") = "exercicio6", "exercicio6\exercicio6.csproj", "{07642C93-6999-48B0-A106-FC6728DADF16}"
EndProject
Project("{FAE04EC0-301F-11D3-BF4B-00C04F79EFBC}") = "exercicio7", "exercicio7\exercicio7.csproj", "{69B11520-DB24-4D33-896A-3B9DFC4DCDC3}"
EndProject
Project("{FAE04EC0-301F-11D3-BF4B-00C04F79EFBC}") = "aula16", "aula16\aula16.csproj", "{43A8DC2E-A96E-4106-AFE2-7D7D825001F8}"
EndProject
Project("{FAE04EC0-301F-11D3-BF4B-00C04F79EFBC}") = "aula17", "aula17\aula17.csproj", "{B3D1626D-D939-471A-874D-CAB22141B9EF}"
EndProject
Project("{FAE04EC0-301F-11D3-BF4B-00C04F79EFBC}") = "exercicio8", "exercicio8\exercicio8.csproj", "{956717C3-E122-4B63-B6D1-C162B7381B6A}"
EndProject
Project("{FAE04EC0-301F-11D3-BF4B-00C04F79EFBC}") = "aula18", "aula18\aula18.csproj", "{73731FA9-724A-43BF-9FD0-217A8FFBD420}"
EndProject
Project("{FAE04EC0-301F-11D3-BF4B-00C04F79EFBC}") = "aula19", "aula19\aula19.csproj", "{E5EA87CF-0868-4A80-AF1B-FA43A74FB6FE}"
EndProject
Project("{FAE04EC0-301F-11D3-BF4B-00C04F79EFBC}") = "aula20", "aula20\aula20.csproj", "{A170E861-8B59-41AA-8C7E-4562C654337B}"
EndProject
Project("{FAE04EC0-301F-11D3-BF4B-00C04F79EFBC}") = "aula21", "aula21\aula21.csproj", "{6D55BFD4-7919-41E0-8881-9F24BBD5D233}"
EndProject
Project("{FAE04EC0-301F-11D3-BF4B-00C04F79EFBC}") = "exercicio9", "exercicio9\exercicio9.csproj", "{0209F04A-CB83-46C9-8C7C-B3D65DFECE79}"
EndProject
Project("{FAE04EC0-301F-11D3-BF4B-00C04F79EFBC}") = "aula22", "aula22\aula22.csproj", "{63293BFB-6B72-4FF4-9BC2-22D852ED0CCA}"
EndProject
Project("{FAE04EC0-301F-11D3-BF4B-00C04F79EFBC}") = "aula23", "aula23\aula23.csproj", "{7D178842-215D-47AA-855D-2869578ACB63}"
EndProject
Project("{FAE04EC0-301F-11D3-BF4B-00C04F79EFBC}") = "aula24", "aula24\aula24.csproj", "{993C3B5C-5775-4B70-9BD7-7A2D81185264}"
EndProject
Project("{FAE04EC0-301F-11D3-BF4B-00C04F79EFBC}") = "exercicio10", "exercicio10\exercicio10.csproj", "{E07E08E9-8F1D-4170-B369-FFFEC3D63000}"
EndProject
Project("{FAE04EC0-301F-11D3-BF4B-00C04F79EFBC}") = "aula25", "aula25\aula25.csproj", "{4024661C-D1D6-48AF-B55A-90F61E645581}"
EndProject
Global
	GlobalSection(SolutionConfigurationPlatforms) = preSolution
		Debug|Any CPU = Debug|Any CPU
		Debug|x64 = Debug|x64
		Debug|x86 = Debug|x86
		Release|Any CPU = Release|Any CPU
		Release|x64 = Release|x64
		Release|x86 = Release|x86
	EndGlobalSection
	GlobalSection(ProjectConfigurationPlatforms) = postSolution
		{35EEEE0C-71F0-4F2F-AC55-519F86C1BDBE}.Debug|Any CPU.ActiveCfg = Debug|Any CPU
		{35EEEE0C-71F0-4F2F-AC55-519F86C1BDBE}.Debug|Any CPU.Build.0 = Debug|Any CPU
		{35EEEE0C-71F0-4F2F-AC55-519F86C1BDBE}.Debug|x64.ActiveCfg = Debug|Any CPU
		{35EEEE0C-71F0-4F2F-AC55-519F86C1BDBE}.Debug|x64.Build.0 = Debug|Any CPU
		{35EEEE0C-71F0-4F2F-AC55-519F86C1BDBE}.Debug|x86.ActiveCfg = Debug|Any CPU
		{35EEEE0C-71F0-4F2F-AC55-519F86C1BDBE}.Debug|x86.Build.0 = Debug|Any CPU
		{35EEEE0C-71F0-4F2F-AC55-519F86C1BDBE}.Release|Any CPU.ActiveCfg = Release|Any CPU
		{35EEEE0C-71F0-4F2F-AC55-519F86C1BDBE}.Release|Any CPU.Build.0 = Release|Any CPU
		{35EEEE0C-71F0-4F2F-AC55-519F86C1BDBE}.Release|x64.ActiveCfg = Release|Any CPU
		{35EEEE0C-71F0-4F2F-AC55-519F86C1BDBE}.Release|x64.Build.0 = Release|Any CPU
		{35EEEE0C-71F0-4F2F-AC55-519F86C1BDBE}.Release|x86.ActiveCfg = Release|Any CPU
		{35EEEE0C-71F0-4F2F-AC55-519F86C1BDBE}.Release|x86.Build.0 = Release|Any CPU
		{2BB59CC7-E06A-490D-9180-FAB84EDA6346}.Debug|Any CPU.ActiveCfg = Debug|Any CPU
		{2BB59CC7-E06A-490D-9180-FAB84EDA6346}.Debug|Any CPU.Build.0 = Debug|Any CPU
		{2BB59CC7-E06A-490D-9180-FAB84EDA6346}.Debug|x64.ActiveCfg = Debug|Any CPU
		{2BB59CC7-E06A-490D-9180-FAB84EDA6346}.Debug|x64.Build.0 = Debug|Any CPU
		{2BB59CC7-E06A-490D-9180-FAB84EDA6346}.Debug|x86.ActiveCfg = Debug|Any CPU
		{2BB59CC7-E06A-490D-9180-FAB84EDA6346}.Debug|x86.Build.0 = Debug|Any CPU
		{2BB59CC7-E06A-490D-9180-FAB84EDA6346}.Release|Any CPU.ActiveCfg = Release|Any CPU
		{2BB59CC7-E06A-490D-9180-FAB84EDA6346}.Release|Any CPU.Build.0 = Release|Any CPU
		{2BB59CC7-E06A-490D-9180-FAB84EDA6346}.Release|x64.ActiveCfg = Release|Any CPU
		{2BB59CC7-E06A-490D-9180-FAB84EDA6346}.Release|x64.Build.0 = Release|Any CPU
		{2BB59CC7-E06A-490D-9180-FAB84EDA6346}.Release|x86.ActiveCfg = Release|Any CPU
		{2BB59CC7-E06A-490D-9180-FAB84EDA6346}.Release|x86.Build.0 = Release|Any CPU
		{8DC2297F-763A-423E-AF04-EED4648611FB}.Debug|Any CPU.ActiveCfg = Debug|Any CPU
		{8DC2297F-763A-423E-AF04-EED4648611FB}.Debug|Any CPU.Build.0 = Debug|Any CPU
		{8DC2297F-763A-423E-AF04-EED4648611FB}.Debug|x64.ActiveCfg = Debug|Any CPU
		{8DC2297F-763A-423E-AF04-EED4648611FB}.Debug|x64.Build.0 = Debug|Any CPU
		{8DC2297F-763A-423E-AF04-EED4648611FB}.Debug|x86.ActiveCfg = Debug|Any CPU
		{8DC2297F-763A-423E-AF04-EED4648611FB}.Debug|x86.Build.0 = Debug|Any CPU
		{8DC2297F-763A-423E-AF04-EED4648611FB}.Release|Any CPU.ActiveCfg = Release|Any CPU
		{8DC2297F-763A-423E-AF04-EED4648611FB}.Release|Any CPU.Build.0 = Release|Any CPU
		{8DC2297F-763A-423E-AF04-EED4648611FB}.Release|x64.ActiveCfg = Release|Any CPU
		{8DC2297F-763A-423E-AF04-EED4648611FB}.Release|x64.Build.0 = Release|Any CPU
		{8DC2297F-763A-423E-AF04-EED4648611FB}.Release|x86.ActiveCfg = Release|Any CPU
		{8DC2297F-763A-423E-AF04-EED4648611FB}.Release|x86.Build.0 = Release|Any CPU
		{A26FC36B-DC9A-4607-80E7-5A95DD47806A}.Debug|Any CPU.ActiveCfg = Debug|Any CPU
		{A26FC36B-DC9A-4607-80E7-5A95DD47806A}.Debug|Any CPU.Build.0 = Debug|Any CPU
		{A26FC36B-DC9A-4607-80E7-5A95DD47806A}.Debug|x64.ActiveCfg = Debug|Any CPU
		{A26FC36B-DC9A-4607-80E7-5A95DD47806A}.Debug|x64.Build.0 = Debug|Any CPU
		{A26FC36B-DC9A-4607-80E7-5A95DD47806A}.Debug|x86.ActiveCfg = Debug|Any CPU
		{A26FC36B-DC9A-4607-80E7-5A95DD47806A}.Debug|x86.Build.0 = Debug|Any CPU
		{A26FC36B-DC9A-4607-80E7-5A95DD47806A}.Release|Any CPU.ActiveCfg = Release|Any CPU
		{A26FC36B-DC9A-4607-80E7-5A95DD47806A}.Release|Any CPU.Build.0 = Release|Any CPU
		{A26FC36B-DC9A-4607-80E7-5A95DD47806A}.Release|x64.ActiveCfg = Release|Any CPU
		{A26FC36B-DC9A-4607-80E7-5A95DD47806A}.Release|x64.Build.0 = Release|Any CPU
		{A26FC36B-DC9A-4607-80E7-5A95DD47806A}.Release|x86.ActiveCfg = Release|Any CPU
		{A26FC36B-DC9A-4607-80E7-5A95DD47806A}.Release|x86.Build.0 = Release|Any CPU
		{A3AFC7C2-EF4C-4580-AFA7-697050658C36}.Debug|Any CPU.ActiveCfg = Debug|Any CPU
		{A3AFC7C2-EF4C-4580-AFA7-697050658C36}.Debug|Any CPU.Build.0 = Debug|Any CPU
		{A3AFC7C2-EF4C-4580-AFA7-697050658C36}.Debug|x64.ActiveCfg = Debug|Any CPU
		{A3AFC7C2-EF4C-4580-AFA7-697050658C36}.Debug|x64.Build.0 = Debug|Any CPU
		{A3AFC7C2-EF4C-4580-AFA7-697050658C36}.Debug|x86.ActiveCfg = Debug|Any CPU
		{A3AFC7C2-EF4C-4580-AFA7-697050658C36}.Debug|x86.Build.0 = Debug|Any CPU
		{A3AFC7C2-EF4C-4580-AFA7-697050658C36}.Release|Any CPU.ActiveCfg = Release|Any CPU
		{A3AFC7C2-EF4C-4580-AFA7-697050658C36}.Release|Any CPU.Build.0 = Release|Any CPU
		{A3AFC7C2-EF4C-4580-AFA7-697050658C36}.Release|x64.ActiveCfg = Release|Any CPU
		{A3AFC7C2-EF4C-4580-AFA7-697050658C36}.Release|x64.Build.0 = Release|Any CPU
		{A3AFC7C2-EF4C-4580-AFA7-697050658C36}.Release|x86.ActiveCfg = Release|Any CPU
		{A3AFC7C2-EF4C-4580-AFA7-697050658C36}.Release|x86.Build.0 = Release|Any CPU
		{0EC505AC-72FB-4D88-8AC0-92547F8B4F1E}.Debug|Any CPU.ActiveCfg = Debug|Any CPU
		{0EC505AC-72FB-4D88-8AC0-92547F8B4F1E}.Debug|Any CPU.Build.0 = Debug|Any CPU
		{0EC505AC-72FB-4D88-8AC0-92547F8B4F1E}.Debug|x64.ActiveCfg = Debug|Any CPU
		{0EC505AC-72FB-4D88-8AC0-92547F8B4F1E}.Debug|x64.Build.0 = Debug|Any CPU
		{0EC505AC-72FB-4D88-8AC0-92547F8B4F1E}.Debug|x86.ActiveCfg = Debug|Any CPU
		{0EC505AC-72FB-4D88-8AC0-92547F8B4F1E}.Debug|x86.Build.0 = Debug|Any CPU
		{0EC505AC-72FB-4D88-8AC0-92547F8B4F1E}.Release|Any CPU.ActiveCfg = Release|Any CPU
		{0EC505AC-72FB-4D88-8AC0-92547F8B4F1E}.Release|Any CPU.Build.0 = Release|Any CPU
		{0EC505AC-72FB-4D88-8AC0-92547F8B4F1E}.Release|x64.ActiveCfg = Release|Any CPU
		{0EC505AC-72FB-4D88-8AC0-92547F8B4F1E}.Release|x64.Build.0 = Release|Any CPU
		{0EC505AC-72FB-4D88-8AC0-92547F8B4F1E}.Release|x86.ActiveCfg = Release|Any CPU
		{0EC505AC-72FB-4D88-8AC0-92547F8B4F1E}.Release|x86.Build.0 = Release|Any CPU
		{52F8FB79-9C58-4105-B1C7-9C2794AA4F22}.Debug|Any CPU.ActiveCfg = Debug|Any CPU
		{52F8FB79-9C58-4105-B1C7-9C2794AA4F22}.Debug|Any CPU.Build.0 = Debug|Any CPU
		{52F8FB79-9C58-4105-B1C7-9C2794AA4F22}.Debug|x64.ActiveCfg = Debug|Any CPU
		{52F8FB79-9C58-4105-B1C7-9C2794AA4F22}.Debug|x64.Build.0 = Debug|Any CPU
		{52F8FB79-9C58-4105-B1C7-9C2794AA4F22}.Debug|x86.ActiveCfg = Debug|Any CPU
		{52F8FB79-9C58-4105-B1C7-9C2794AA4F22}.Debug|x86.Build.0 = Debug|Any CPU
		{52F8FB79-9C58-4105-B1C7-9C2794AA4F22}.Release|Any CPU.ActiveCfg = Release|Any CPU
		{52F8FB79-9C58-4105-B1C7-9C2794AA4F22}.Release|Any CPU.Build.0 = Release|Any CPU
		{52F8FB79-9C58-4105-B1C7-9C2794AA4F22}.Release|x64.ActiveCfg = Release|Any CPU
		{52F8FB79-9C58-4105-B1C7-9C2794AA4F22}.Release|x64.Build.0 = Release|Any CPU
		{52F8FB79-9C58-4105-B1C7-9C2794AA4F22}.Release|x86.ActiveCfg = Release|Any CPU
		{52F8FB79-9C58-4105-B1C7-9C2794AA4F22}.Release|x86.Build.0 = Release|Any CPU
		{CF7753CB-ADEE-4FCF-8C3A-C569639D0F15}.Debug|Any CPU.ActiveCfg = Debug|Any CPU
		{CF7753CB-ADEE-4FCF-8C3A-C569639D0F15}.Debug|Any CPU.Build.0 = Debug|Any CPU
		{CF7753CB-ADEE-4FCF-8C3A-C569639D0F15}.Debug|x64.ActiveCfg = Debug|Any CPU
		{CF7753CB-ADEE-4FCF-8C3A-C569639D0F15}.Debug|x64.Build.0 = Debug|Any CPU
		{CF7753CB-ADEE-4FCF-8C3A-C569639D0F15}.Debug|x86.ActiveCfg = Debug|Any CPU
		{CF7753CB-ADEE-4FCF-8C3A-C569639D0F15}.Debug|x86.Build.0 = Debug|Any CPU
		{CF7753CB-ADEE-4FCF-8C3A-C569639D0F15}.Release|Any CPU.ActiveCfg = Release|Any CPU
		{CF7753CB-ADEE-4FCF-8C3A-C569639D0F15}.Release|Any CPU.Build.0 = Release|Any CPU
		{CF7753CB-ADEE-4FCF-8C3A-C569639D0F15}.Release|x64.ActiveCfg = Release|Any CPU
		{CF7753CB-ADEE-4FCF-8C3A-C569639D0F15}.Release|x64.Build.0 = Release|Any CPU
		{CF7753CB-ADEE-4FCF-8C3A-C569639D0F15}.Release|x86.ActiveCfg = Release|Any CPU
		{CF7753CB-ADEE-4FCF-8C3A-C569639D0F15}.Release|x86.Build.0 = Release|Any CPU
		{EE3395FB-2407-43F7-AAAD-020D2DD420B7}.Debug|Any CPU.ActiveCfg = Debug|Any CPU
		{EE3395FB-2407-43F7-AAAD-020D2DD420B7}.Debug|Any CPU.Build.0 = Debug|Any CPU
		{EE3395FB-2407-43F7-AAAD-020D2DD420B7}.Debug|x64.ActiveCfg = Debug|Any CPU
		{EE3395FB-2407-43F7-AAAD-020D2DD420B7}.Debug|x64.Build.0 = Debug|Any CPU
		{EE3395FB-2407-43F7-AAAD-020D2DD420B7}.Debug|x86.ActiveCfg = Debug|Any CPU
		{EE3395FB-2407-43F7-AAAD-020D2DD420B7}.Debug|x86.Build.0 = Debug|Any CPU
		{EE3395FB-2407-43F7-AAAD-020D2DD420B7}.Release|Any CPU.ActiveCfg = Release|Any CPU
		{EE3395FB-2407-43F7-AAAD-020D2DD420B7}.Release|Any CPU.Build.0 = Release|Any CPU
		{EE3395FB-2407-43F7-AAAD-020D2DD420B7}.Release|x64.ActiveCfg = Release|Any CPU
		{EE3395FB-2407-43F7-AAAD-020D2DD420B7}.Release|x64.Build.0 = Release|Any CPU
		{EE3395FB-2407-43F7-AAAD-020D2DD420B7}.Release|x86.ActiveCfg = Release|Any CPU
		{EE3395FB-2407-43F7-AAAD-020D2DD420B7}.Release|x86.Build.0 = Release|Any CPU
		{DE6B62DB-19A8-426E-8017-5B4F25C8BCEF}.Debug|Any CPU.ActiveCfg = Debug|Any CPU
		{DE6B62DB-19A8-426E-8017-5B4F25C8BCEF}.Debug|Any CPU.Build.0 = Debug|Any CPU
		{DE6B62DB-19A8-426E-8017-5B4F25C8BCEF}.Debug|x64.ActiveCfg = Debug|Any CPU
		{DE6B62DB-19A8-426E-8017-5B4F25C8BCEF}.Debug|x64.Build.0 = Debug|Any CPU
		{DE6B62DB-19A8-426E-8017-5B4F25C8BCEF}.Debug|x86.ActiveCfg = Debug|Any CPU
		{DE6B62DB-19A8-426E-8017-5B4F25C8BCEF}.Debug|x86.Build.0 = Debug|Any CPU
		{DE6B62DB-19A8-426E-8017-5B4F25C8BCEF}.Release|Any CPU.ActiveCfg = Release|Any CPU
		{DE6B62DB-19A8-426E-8017-5B4F25C8BCEF}.Release|Any CPU.Build.0 = Release|Any CPU
		{DE6B62DB-19A8-426E-8017-5B4F25C8BCEF}.Release|x64.ActiveCfg = Release|Any CPU
		{DE6B62DB-19A8-426E-8017-5B4F25C8BCEF}.Release|x64.Build.0 = Release|Any CPU
		{DE6B62DB-19A8-426E-8017-5B4F25C8BCEF}.Release|x86.ActiveCfg = Release|Any CPU
		{DE6B62DB-19A8-426E-8017-5B4F25C8BCEF}.Release|x86.Build.0 = Release|Any CPU
		{AC0BB863-7AA8-4E0A-BB7C-ADD9414771EE}.Debug|Any CPU.ActiveCfg = Debug|Any CPU
		{AC0BB863-7AA8-4E0A-BB7C-ADD9414771EE}.Debug|Any CPU.Build.0 = Debug|Any CPU
		{AC0BB863-7AA8-4E0A-BB7C-ADD9414771EE}.Debug|x64.ActiveCfg = Debug|Any CPU
		{AC0BB863-7AA8-4E0A-BB7C-ADD9414771EE}.Debug|x64.Build.0 = Debug|Any CPU
		{AC0BB863-7AA8-4E0A-BB7C-ADD9414771EE}.Debug|x86.ActiveCfg = Debug|Any CPU
		{AC0BB863-7AA8-4E0A-BB7C-ADD9414771EE}.Debug|x86.Build.0 = Debug|Any CPU
		{AC0BB863-7AA8-4E0A-BB7C-ADD9414771EE}.Release|Any CPU.ActiveCfg = Release|Any CPU
		{AC0BB863-7AA8-4E0A-BB7C-ADD9414771EE}.Release|Any CPU.Build.0 = Release|Any CPU
		{AC0BB863-7AA8-4E0A-BB7C-ADD9414771EE}.Release|x64.ActiveCfg = Release|Any CPU
		{AC0BB863-7AA8-4E0A-BB7C-ADD9414771EE}.Release|x64.Build.0 = Release|Any CPU
		{AC0BB863-7AA8-4E0A-BB7C-ADD9414771EE}.Release|x86.ActiveCfg = Release|Any CPU
		{AC0BB863-7AA8-4E0A-BB7C-ADD9414771EE}.Release|x86.Build.0 = Release|Any CPU
		{BB1C3259-2852-4D6A-8096-830F4B608989}.Debug|Any CPU.ActiveCfg = Debug|Any CPU
		{BB1C3259-2852-4D6A-8096-830F4B608989}.Debug|Any CPU.Build.0 = Debug|Any CPU
		{BB1C3259-2852-4D6A-8096-830F4B608989}.Debug|x64.ActiveCfg = Debug|Any CPU
		{BB1C3259-2852-4D6A-8096-830F4B608989}.Debug|x64.Build.0 = Debug|Any CPU
		{BB1C3259-2852-4D6A-8096-830F4B608989}.Debug|x86.ActiveCfg = Debug|Any CPU
		{BB1C3259-2852-4D6A-8096-830F4B608989}.Debug|x86.Build.0 = Debug|Any CPU
		{BB1C3259-2852-4D6A-8096-830F4B608989}.Release|Any CPU.ActiveCfg = Release|Any CPU
		{BB1C3259-2852-4D6A-8096-830F4B608989}.Release|Any CPU.Build.0 = Release|Any CPU
		{BB1C3259-2852-4D6A-8096-830F4B608989}.Release|x64.ActiveCfg = Release|Any CPU
		{BB1C3259-2852-4D6A-8096-830F4B608989}.Release|x64.Build.0 = Release|Any CPU
		{BB1C3259-2852-4D6A-8096-830F4B608989}.Release|x86.ActiveCfg = Release|Any CPU
		{BB1C3259-2852-4D6A-8096-830F4B608989}.Release|x86.Build.0 = Release|Any CPU
		{D05D81B3-2384-42FF-878D-76E7C3069B5E}.Debug|Any CPU.ActiveCfg = Debug|Any CPU
		{D05D81B3-2384-42FF-878D-76E7C3069B5E}.Debug|Any CPU.Build.0 = Debug|Any CPU
		{D05D81B3-2384-42FF-878D-76E7C3069B5E}.Debug|x64.ActiveCfg = Debug|Any CPU
		{D05D81B3-2384-42FF-878D-76E7C3069B5E}.Debug|x64.Build.0 = Debug|Any CPU
		{D05D81B3-2384-42FF-878D-76E7C3069B5E}.Debug|x86.ActiveCfg = Debug|Any CPU
		{D05D81B3-2384-42FF-878D-76E7C3069B5E}.Debug|x86.Build.0 = Debug|Any CPU
		{D05D81B3-2384-42FF-878D-76E7C3069B5E}.Release|Any CPU.ActiveCfg = Release|Any CPU
		{D05D81B3-2384-42FF-878D-76E7C3069B5E}.Release|Any CPU.Build.0 = Release|Any CPU
		{D05D81B3-2384-42FF-878D-76E7C3069B5E}.Release|x64.ActiveCfg = Release|Any CPU
		{D05D81B3-2384-42FF-878D-76E7C3069B5E}.Release|x64.Build.0 = Release|Any CPU
		{D05D81B3-2384-42FF-878D-76E7C3069B5E}.Release|x86.ActiveCfg = Release|Any CPU
		{D05D81B3-2384-42FF-878D-76E7C3069B5E}.Release|x86.Build.0 = Release|Any CPU
		{BC93B181-EBB6-4AB8-88ED-06D4509834F5}.Debug|Any CPU.ActiveCfg = Debug|Any CPU
		{BC93B181-EBB6-4AB8-88ED-06D4509834F5}.Debug|Any CPU.Build.0 = Debug|Any CPU
		{BC93B181-EBB6-4AB8-88ED-06D4509834F5}.Debug|x64.ActiveCfg = Debug|Any CPU
		{BC93B181-EBB6-4AB8-88ED-06D4509834F5}.Debug|x64.Build.0 = Debug|Any CPU
		{BC93B181-EBB6-4AB8-88ED-06D4509834F5}.Debug|x86.ActiveCfg = Debug|Any CPU
		{BC93B181-EBB6-4AB8-88ED-06D4509834F5}.Debug|x86.Build.0 = Debug|Any CPU
		{BC93B181-EBB6-4AB8-88ED-06D4509834F5}.Release|Any CPU.ActiveCfg = Release|Any CPU
		{BC93B181-EBB6-4AB8-88ED-06D4509834F5}.Release|Any CPU.Build.0 = Release|Any CPU
		{BC93B181-EBB6-4AB8-88ED-06D4509834F5}.Release|x64.ActiveCfg = Release|Any CPU
		{BC93B181-EBB6-4AB8-88ED-06D4509834F5}.Release|x64.Build.0 = Release|Any CPU
		{BC93B181-EBB6-4AB8-88ED-06D4509834F5}.Release|x86.ActiveCfg = Release|Any CPU
		{BC93B181-EBB6-4AB8-88ED-06D4509834F5}.Release|x86.Build.0 = Release|Any CPU
		{8FE1CC17-55EE-4605-A53F-192FCE6A9AB5}.Debug|Any CPU.ActiveCfg = Debug|Any CPU
		{8FE1CC17-55EE-4605-A53F-192FCE6A9AB5}.Debug|Any CPU.Build.0 = Debug|Any CPU
		{8FE1CC17-55EE-4605-A53F-192FCE6A9AB5}.Debug|x64.ActiveCfg = Debug|Any CPU
		{8FE1CC17-55EE-4605-A53F-192FCE6A9AB5}.Debug|x64.Build.0 = Debug|Any CPU
		{8FE1CC17-55EE-4605-A53F-192FCE6A9AB5}.Debug|x86.ActiveCfg = Debug|Any CPU
		{8FE1CC17-55EE-4605-A53F-192FCE6A9AB5}.Debug|x86.Build.0 = Debug|Any CPU
		{8FE1CC17-55EE-4605-A53F-192FCE6A9AB5}.Release|Any CPU.ActiveCfg = Release|Any CPU
		{8FE1CC17-55EE-4605-A53F-192FCE6A9AB5}.Release|Any CPU.Build.0 = Release|Any CPU
		{8FE1CC17-55EE-4605-A53F-192FCE6A9AB5}.Release|x64.ActiveCfg = Release|Any CPU
		{8FE1CC17-55EE-4605-A53F-192FCE6A9AB5}.Release|x64.Build.0 = Release|Any CPU
		{8FE1CC17-55EE-4605-A53F-192FCE6A9AB5}.Release|x86.ActiveCfg = Release|Any CPU
		{8FE1CC17-55EE-4605-A53F-192FCE6A9AB5}.Release|x86.Build.0 = Release|Any CPU
		{0F18DE56-9CB3-439C-A27D-25EA09704EDF}.Debug|Any CPU.ActiveCfg = Debug|Any CPU
		{0F18DE56-9CB3-439C-A27D-25EA09704EDF}.Debug|Any CPU.Build.0 = Debug|Any CPU
		{0F18DE56-9CB3-439C-A27D-25EA09704EDF}.Debug|x64.ActiveCfg = Debug|Any CPU
		{0F18DE56-9CB3-439C-A27D-25EA09704EDF}.Debug|x64.Build.0 = Debug|Any CPU
		{0F18DE56-9CB3-439C-A27D-25EA09704EDF}.Debug|x86.ActiveCfg = Debug|Any CPU
		{0F18DE56-9CB3-439C-A27D-25EA09704EDF}.Debug|x86.Build.0 = Debug|Any CPU
		{0F18DE56-9CB3-439C-A27D-25EA09704EDF}.Release|Any CPU.ActiveCfg = Release|Any CPU
		{0F18DE56-9CB3-439C-A27D-25EA09704EDF}.Release|Any CPU.Build.0 = Release|Any CPU
		{0F18DE56-9CB3-439C-A27D-25EA09704EDF}.Release|x64.ActiveCfg = Release|Any CPU
		{0F18DE56-9CB3-439C-A27D-25EA09704EDF}.Release|x64.Build.0 = Release|Any CPU
		{0F18DE56-9CB3-439C-A27D-25EA09704EDF}.Release|x86.ActiveCfg = Release|Any CPU
		{0F18DE56-9CB3-439C-A27D-25EA09704EDF}.Release|x86.Build.0 = Release|Any CPU
		{A63F64E4-5627-4D02-A22B-0A7E31C05714}.Debug|Any CPU.ActiveCfg = Debug|Any CPU
		{A63F64E4-5627-4D02-A22B-0A7E31C05714}.Debug|Any CPU.Build.0 = Debug|Any CPU
		{A63F64E4-5627-4D02-A22B-0A7E31C05714}.Debug|x64.ActiveCfg = Debug|Any CPU
		{A63F64E4-5627-4D02-A22B-0A7E31C05714}.Debug|x64.Build.0 = Debug|Any CPU
		{A63F64E4-5627-4D02-A22B-0A7E31C05714}.Debug|x86.ActiveCfg = Debug|Any CPU
		{A63F64E4-5627-4D02-A22B-0A7E31C05714}.Debug|x86.Build.0 = Debug|Any CPU
		{A63F64E4-5627-4D02-A22B-0A7E31C05714}.Release|Any CPU.ActiveCfg = Release|Any CPU
		{A63F64E4-5627-4D02-A22B-0A7E31C05714}.Release|Any CPU.Build.0 = Release|Any CPU
		{A63F64E4-5627-4D02-A22B-0A7E31C05714}.Release|x64.ActiveCfg = Release|Any CPU
		{A63F64E4-5627-4D02-A22B-0A7E31C05714}.Release|x64.Build.0 = Release|Any CPU
		{A63F64E4-5627-4D02-A22B-0A7E31C05714}.Release|x86.ActiveCfg = Release|Any CPU
		{A63F64E4-5627-4D02-A22B-0A7E31C05714}.Release|x86.Build.0 = Release|Any CPU
		{531E780D-D392-4AB9-895D-F6EF82FC2C5A}.Debug|Any CPU.ActiveCfg = Debug|Any CPU
		{531E780D-D392-4AB9-895D-F6EF82FC2C5A}.Debug|Any CPU.Build.0 = Debug|Any CPU
		{531E780D-D392-4AB9-895D-F6EF82FC2C5A}.Debug|x64.ActiveCfg = Debug|Any CPU
		{531E780D-D392-4AB9-895D-F6EF82FC2C5A}.Debug|x64.Build.0 = Debug|Any CPU
		{531E780D-D392-4AB9-895D-F6EF82FC2C5A}.Debug|x86.ActiveCfg = Debug|Any CPU
		{531E780D-D392-4AB9-895D-F6EF82FC2C5A}.Debug|x86.Build.0 = Debug|Any CPU
		{531E780D-D392-4AB9-895D-F6EF82FC2C5A}.Release|Any CPU.ActiveCfg = Release|Any CPU
		{531E780D-D392-4AB9-895D-F6EF82FC2C5A}.Release|Any CPU.Build.0 = Release|Any CPU
		{531E780D-D392-4AB9-895D-F6EF82FC2C5A}.Release|x64.ActiveCfg = Release|Any CPU
		{531E780D-D392-4AB9-895D-F6EF82FC2C5A}.Release|x64.Build.0 = Release|Any CPU
		{531E780D-D392-4AB9-895D-F6EF82FC2C5A}.Release|x86.ActiveCfg = Release|Any CPU
		{531E780D-D392-4AB9-895D-F6EF82FC2C5A}.Release|x86.Build.0 = Release|Any CPU
		{A8942FAD-0D65-49B6-A990-CE68A055303B}.Debug|Any CPU.ActiveCfg = Debug|Any CPU
		{A8942FAD-0D65-49B6-A990-CE68A055303B}.Debug|Any CPU.Build.0 = Debug|Any CPU
		{A8942FAD-0D65-49B6-A990-CE68A055303B}.Debug|x64.ActiveCfg = Debug|Any CPU
		{A8942FAD-0D65-49B6-A990-CE68A055303B}.Debug|x64.Build.0 = Debug|Any CPU
		{A8942FAD-0D65-49B6-A990-CE68A055303B}.Debug|x86.ActiveCfg = Debug|Any CPU
		{A8942FAD-0D65-49B6-A990-CE68A055303B}.Debug|x86.Build.0 = Debug|Any CPU
		{A8942FAD-0D65-49B6-A990-CE68A055303B}.Release|Any CPU.ActiveCfg = Release|Any CPU
		{A8942FAD-0D65-49B6-A990-CE68A055303B}.Release|Any CPU.Build.0 = Release|Any CPU
		{A8942FAD-0D65-49B6-A990-CE68A055303B}.Release|x64.ActiveCfg = Release|Any CPU
		{A8942FAD-0D65-49B6-A990-CE68A055303B}.Release|x64.Build.0 = Release|Any CPU
		{A8942FAD-0D65-49B6-A990-CE68A055303B}.Release|x86.ActiveCfg = Release|Any CPU
		{A8942FAD-0D65-49B6-A990-CE68A055303B}.Release|x86.Build.0 = Release|Any CPU
		{BAD44188-B051-4648-8F23-87A2B1DE3F06}.Debug|Any CPU.ActiveCfg = Debug|Any CPU
		{BAD44188-B051-4648-8F23-87A2B1DE3F06}.Debug|Any CPU.Build.0 = Debug|Any CPU
		{BAD44188-B051-4648-8F23-87A2B1DE3F06}.Debug|x64.ActiveCfg = Debug|Any CPU
		{BAD44188-B051-4648-8F23-87A2B1DE3F06}.Debug|x64.Build.0 = Debug|Any CPU
		{BAD44188-B051-4648-8F23-87A2B1DE3F06}.Debug|x86.ActiveCfg = Debug|Any CPU
		{BAD44188-B051-4648-8F23-87A2B1DE3F06}.Debug|x86.Build.0 = Debug|Any CPU
		{BAD44188-B051-4648-8F23-87A2B1DE3F06}.Release|Any CPU.ActiveCfg = Release|Any CPU
		{BAD44188-B051-4648-8F23-87A2B1DE3F06}.Release|Any CPU.Build.0 = Release|Any CPU
		{BAD44188-B051-4648-8F23-87A2B1DE3F06}.Release|x64.ActiveCfg = Release|Any CPU
		{BAD44188-B051-4648-8F23-87A2B1DE3F06}.Release|x64.Build.0 = Release|Any CPU
		{BAD44188-B051-4648-8F23-87A2B1DE3F06}.Release|x86.ActiveCfg = Release|Any CPU
		{BAD44188-B051-4648-8F23-87A2B1DE3F06}.Release|x86.Build.0 = Release|Any CPU
		{07642C93-6999-48B0-A106-FC6728DADF16}.Debug|Any CPU.ActiveCfg = Debug|Any CPU
		{07642C93-6999-48B0-A106-FC6728DADF16}.Debug|Any CPU.Build.0 = Debug|Any CPU
		{07642C93-6999-48B0-A106-FC6728DADF16}.Debug|x64.ActiveCfg = Debug|Any CPU
		{07642C93-6999-48B0-A106-FC6728DADF16}.Debug|x64.Build.0 = Debug|Any CPU
		{07642C93-6999-48B0-A106-FC6728DADF16}.Debug|x86.ActiveCfg = Debug|Any CPU
		{07642C93-6999-48B0-A106-FC6728DADF16}.Debug|x86.Build.0 = Debug|Any CPU
		{07642C93-6999-48B0-A106-FC6728DADF16}.Release|Any CPU.ActiveCfg = Release|Any CPU
		{07642C93-6999-48B0-A106-FC6728DADF16}.Release|Any CPU.Build.0 = Release|Any CPU
		{07642C93-6999-48B0-A106-FC6728DADF16}.Release|x64.ActiveCfg = Release|Any CPU
		{07642C93-6999-48B0-A106-FC6728DADF16}.Release|x64.Build.0 = Release|Any CPU
		{07642C93-6999-48B0-A106-FC6728DADF16}.Release|x86.ActiveCfg = Release|Any CPU
		{07642C93-6999-48B0-A106-FC6728DADF16}.Release|x86.Build.0 = Release|Any CPU
		{69B11520-DB24-4D33-896A-3B9DFC4DCDC3}.Debug|Any CPU.ActiveCfg = Debug|Any CPU
		{69B11520-DB24-4D33-896A-3B9DFC4DCDC3}.Debug|Any CPU.Build.0 = Debug|Any CPU
		{69B11520-DB24-4D33-896A-3B9DFC4DCDC3}.Debug|x64.ActiveCfg = Debug|Any CPU
		{69B11520-DB24-4D33-896A-3B9DFC4DCDC3}.Debug|x64.Build.0 = Debug|Any CPU
		{69B11520-DB24-4D33-896A-3B9DFC4DCDC3}.Debug|x86.ActiveCfg = Debug|Any CPU
		{69B11520-DB24-4D33-896A-3B9DFC4DCDC3}.Debug|x86.Build.0 = Debug|Any CPU
		{69B11520-DB24-4D33-896A-3B9DFC4DCDC3}.Release|Any CPU.ActiveCfg = Release|Any CPU
		{69B11520-DB24-4D33-896A-3B9DFC4DCDC3}.Release|Any CPU.Build.0 = Release|Any CPU
		{69B11520-DB24-4D33-896A-3B9DFC4DCDC3}.Release|x64.ActiveCfg = Release|Any CPU
		{69B11520-DB24-4D33-896A-3B9DFC4DCDC3}.Release|x64.Build.0 = Release|Any CPU
		{69B11520-DB24-4D33-896A-3B9DFC4DCDC3}.Release|x86.ActiveCfg = Release|Any CPU
		{69B11520-DB24-4D33-896A-3B9DFC4DCDC3}.Release|x86.Build.0 = Release|Any CPU
		{43A8DC2E-A96E-4106-AFE2-7D7D825001F8}.Debug|Any CPU.ActiveCfg = Debug|Any CPU
		{43A8DC2E-A96E-4106-AFE2-7D7D825001F8}.Debug|Any CPU.Build.0 = Debug|Any CPU
		{43A8DC2E-A96E-4106-AFE2-7D7D825001F8}.Debug|x64.ActiveCfg = Debug|Any CPU
		{43A8DC2E-A96E-4106-AFE2-7D7D825001F8}.Debug|x64.Build.0 = Debug|Any CPU
		{43A8DC2E-A96E-4106-AFE2-7D7D825001F8}.Debug|x86.ActiveCfg = Debug|Any CPU
		{43A8DC2E-A96E-4106-AFE2-7D7D825001F8}.Debug|x86.Build.0 = Debug|Any CPU
		{43A8DC2E-A96E-4106-AFE2-7D7D825001F8}.Release|Any CPU.ActiveCfg = Release|Any CPU
		{43A8DC2E-A96E-4106-AFE2-7D7D825001F8}.Release|Any CPU.Build.0 = Release|Any CPU
		{43A8DC2E-A96E-4106-AFE2-7D7D825001F8}.Release|x64.ActiveCfg = Release|Any CPU
		{43A8DC2E-A96E-4106-AFE2-7D7D825001F8}.Release|x64.Build.0 = Release|Any CPU
		{43A8DC2E-A96E-4106-AFE2-7D7D825001F8}.Release|x86.ActiveCfg = Release|Any CPU
		{43A8DC2E-A96E-4106-AFE2-7D7D825001F8}.Release|x86.Build.0 = Release|Any CPU
		{B3D1626D-D939-471A-874D-CAB22141B9EF}.Debug|Any CPU.ActiveCfg = Debug|Any CPU
		{B3D1626D-D939-471A-874D-CAB22141B9EF}.Debug|Any CPU.Build.0 = Debug|Any CPU
		{B3D1626D-D939-471A-874D-CAB22141B9EF}.Debug|x64.ActiveCfg = Debug|Any CPU
		{B3D1626D-D939-471A-874D-CAB22141B9EF}.Debug|x64.Build.0 = Debug|Any CPU
		{B3D1626D-D939-471A-874D-CAB22141B9EF}.Debug|x86.ActiveCfg = Debug|Any CPU
		{B3D1626D-D939-471A-874D-CAB22141B9EF}.Debug|x86.Build.0 = Debug|Any CPU
		{B3D1626D-D939-471A-874D-CAB22141B9EF}.Release|Any CPU.ActiveCfg = Release|Any CPU
		{B3D1626D-D939-471A-874D-CAB22141B9EF}.Release|Any CPU.Build.0 = Release|Any CPU
		{B3D1626D-D939-471A-874D-CAB22141B9EF}.Release|x64.ActiveCfg = Release|Any CPU
		{B3D1626D-D939-471A-874D-CAB22141B9EF}.Release|x64.Build.0 = Release|Any CPU
		{B3D1626D-D939-471A-874D-CAB22141B9EF}.Release|x86.ActiveCfg = Release|Any CPU
		{B3D1626D-D939-471A-874D-CAB22141B9EF}.Release|x86.Build.0 = Release|Any CPU
		{956717C3-E122-4B63-B6D1-C162B7381B6A}.Debug|Any CPU.ActiveCfg = Debug|Any CPU
		{956717C3-E122-4B63-B6D1-C162B7381B6A}.Debug|Any CPU.Build.0 = Debug|Any CPU
		{956717C3-E122-4B63-B6D1-C162B7381B6A}.Debug|x64.ActiveCfg = Debug|Any CPU
		{956717C3-E122-4B63-B6D1-C162B7381B6A}.Debug|x64.Build.0 = Debug|Any CPU
		{956717C3-E122-4B63-B6D1-C162B7381B6A}.Debug|x86.ActiveCfg = Debug|Any CPU
		{956717C3-E122-4B63-B6D1-C162B7381B6A}.Debug|x86.Build.0 = Debug|Any CPU
		{956717C3-E122-4B63-B6D1-C162B7381B6A}.Release|Any CPU.ActiveCfg = Release|Any CPU
		{956717C3-E122-4B63-B6D1-C162B7381B6A}.Release|Any CPU.Build.0 = Release|Any CPU
		{956717C3-E122-4B63-B6D1-C162B7381B6A}.Release|x64.ActiveCfg = Release|Any CPU
		{956717C3-E122-4B63-B6D1-C162B7381B6A}.Release|x64.Build.0 = Release|Any CPU
		{956717C3-E122-4B63-B6D1-C162B7381B6A}.Release|x86.ActiveCfg = Release|Any CPU
		{956717C3-E122-4B63-B6D1-C162B7381B6A}.Release|x86.Build.0 = Release|Any CPU
		{73731FA9-724A-43BF-9FD0-217A8FFBD420}.Debug|Any CPU.ActiveCfg = Debug|Any CPU
		{73731FA9-724A-43BF-9FD0-217A8FFBD420}.Debug|Any CPU.Build.0 = Debug|Any CPU
		{73731FA9-724A-43BF-9FD0-217A8FFBD420}.Debug|x64.ActiveCfg = Debug|Any CPU
		{73731FA9-724A-43BF-9FD0-217A8FFBD420}.Debug|x64.Build.0 = Debug|Any CPU
		{73731FA9-724A-43BF-9FD0-217A8FFBD420}.Debug|x86.ActiveCfg = Debug|Any CPU
		{73731FA9-724A-43BF-9FD0-217A8FFBD420}.Debug|x86.Build.0 = Debug|Any CPU
		{73731FA9-724A-43BF-9FD0-217A8FFBD420}.Release|Any CPU.ActiveCfg = Release|Any CPU
		{73731FA9-724A-43BF-9FD0-217A8FFBD420}.Release|Any CPU.Build.0 = Release|Any CPU
		{73731FA9-724A-43BF-9FD0-217A8FFBD420}.Release|x64.ActiveCfg = Release|Any CPU
		{73731FA9-724A-43BF-9FD0-217A8FFBD420}.Release|x64.Build.0 = Release|Any CPU
		{73731FA9-724A-43BF-9FD0-217A8FFBD420}.Release|x86.ActiveCfg = Release|Any CPU
		{73731FA9-724A-43BF-9FD0-217A8FFBD420}.Release|x86.Build.0 = Release|Any CPU
		{E5EA87CF-0868-4A80-AF1B-FA43A74FB6FE}.Debug|Any CPU.ActiveCfg = Debug|Any CPU
		{E5EA87CF-0868-4A80-AF1B-FA43A74FB6FE}.Debug|Any CPU.Build.0 = Debug|Any CPU
		{E5EA87CF-0868-4A80-AF1B-FA43A74FB6FE}.Debug|x64.ActiveCfg = Debug|Any CPU
		{E5EA87CF-0868-4A80-AF1B-FA43A74FB6FE}.Debug|x64.Build.0 = Debug|Any CPU
		{E5EA87CF-0868-4A80-AF1B-FA43A74FB6FE}.Debug|x86.ActiveCfg = Debug|Any CPU
		{E5EA87CF-0868-4A80-AF1B-FA43A74FB6FE}.Debug|x86.Build.0 = Debug|Any CPU
		{E5EA87CF-0868-4A80-AF1B-FA43A74FB6FE}.Release|Any CPU.ActiveCfg = Release|Any CPU
		{E5EA87CF-0868-4A80-AF1B-FA43A74FB6FE}.Release|Any CPU.Build.0 = Release|Any CPU
		{E5EA87CF-0868-4A80-AF1B-FA43A74FB6FE}.Release|x64.ActiveCfg = Release|Any CPU
		{E5EA87CF-0868-4A80-AF1B-FA43A74FB6FE}.Release|x64.Build.0 = Release|Any CPU
		{E5EA87CF-0868-4A80-AF1B-FA43A74FB6FE}.Release|x86.ActiveCfg = Release|Any CPU
		{E5EA87CF-0868-4A80-AF1B-FA43A74FB6FE}.Release|x86.Build.0 = Release|Any CPU
		{A170E861-8B59-41AA-8C7E-4562C654337B}.Debug|Any CPU.ActiveCfg = Debug|Any CPU
		{A170E861-8B59-41AA-8C7E-4562C654337B}.Debug|Any CPU.Build.0 = Debug|Any CPU
		{A170E861-8B59-41AA-8C7E-4562C654337B}.Debug|x64.ActiveCfg = Debug|Any CPU
		{A170E861-8B59-41AA-8C7E-4562C654337B}.Debug|x64.Build.0 = Debug|Any CPU
		{A170E861-8B59-41AA-8C7E-4562C654337B}.Debug|x86.ActiveCfg = Debug|Any CPU
		{A170E861-8B59-41AA-8C7E-4562C654337B}.Debug|x86.Build.0 = Debug|Any CPU
		{A170E861-8B59-41AA-8C7E-4562C654337B}.Release|Any CPU.ActiveCfg = Release|Any CPU
		{A170E861-8B59-41AA-8C7E-4562C654337B}.Release|Any CPU.Build.0 = Release|Any CPU
		{A170E861-8B59-41AA-8C7E-4562C654337B}.Release|x64.ActiveCfg = Release|Any CPU
		{A170E861-8B59-41AA-8C7E-4562C654337B}.Release|x64.Build.0 = Release|Any CPU
		{A170E861-8B59-41AA-8C7E-4562C654337B}.Release|x86.ActiveCfg = Release|Any CPU
		{A170E861-8B59-41AA-8C7E-4562C654337B}.Release|x86.Build.0 = Release|Any CPU
		{6D55BFD4-7919-41E0-8881-9F24BBD5D233}.Debug|Any CPU.ActiveCfg = Debug|Any CPU
		{6D55BFD4-7919-41E0-8881-9F24BBD5D233}.Debug|Any CPU.Build.0 = Debug|Any CPU
		{6D55BFD4-7919-41E0-8881-9F24BBD5D233}.Debug|x64.ActiveCfg = Debug|Any CPU
		{6D55BFD4-7919-41E0-8881-9F24BBD5D233}.Debug|x64.Build.0 = Debug|Any CPU
		{6D55BFD4-7919-41E0-8881-9F24BBD5D233}.Debug|x86.ActiveCfg = Debug|Any CPU
		{6D55BFD4-7919-41E0-8881-9F24BBD5D233}.Debug|x86.Build.0 = Debug|Any CPU
		{6D55BFD4-7919-41E0-8881-9F24BBD5D233}.Release|Any CPU.ActiveCfg = Release|Any CPU
		{6D55BFD4-7919-41E0-8881-9F24BBD5D233}.Release|Any CPU.Build.0 = Release|Any CPU
		{6D55BFD4-7919-41E0-8881-9F24BBD5D233}.Release|x64.ActiveCfg = Release|Any CPU
		{6D55BFD4-7919-41E0-8881-9F24BBD5D233}.Release|x64.Build.0 = Release|Any CPU
		{6D55BFD4-7919-41E0-8881-9F24BBD5D233}.Release|x86.ActiveCfg = Release|Any CPU
		{6D55BFD4-7919-41E0-8881-9F24BBD5D233}.Release|x86.Build.0 = Release|Any CPU
		{0209F04A-CB83-46C9-8C7C-B3D65DFECE79}.Debug|Any CPU.ActiveCfg = Debug|Any CPU
		{0209F04A-CB83-46C9-8C7C-B3D65DFECE79}.Debug|Any CPU.Build.0 = Debug|Any CPU
		{0209F04A-CB83-46C9-8C7C-B3D65DFECE79}.Debug|x64.ActiveCfg = Debug|Any CPU
		{0209F04A-CB83-46C9-8C7C-B3D65DFECE79}.Debug|x64.Build.0 = Debug|Any CPU
		{0209F04A-CB83-46C9-8C7C-B3D65DFECE79}.Debug|x86.ActiveCfg = Debug|Any CPU
		{0209F04A-CB83-46C9-8C7C-B3D65DFECE79}.Debug|x86.Build.0 = Debug|Any CPU
		{0209F04A-CB83-46C9-8C7C-B3D65DFECE79}.Release|Any CPU.ActiveCfg = Release|Any CPU
		{0209F04A-CB83-46C9-8C7C-B3D65DFECE79}.Release|Any CPU.Build.0 = Release|Any CPU
		{0209F04A-CB83-46C9-8C7C-B3D65DFECE79}.Release|x64.ActiveCfg = Release|Any CPU
		{0209F04A-CB83-46C9-8C7C-B3D65DFECE79}.Release|x64.Build.0 = Release|Any CPU
		{0209F04A-CB83-46C9-8C7C-B3D65DFECE79}.Release|x86.ActiveCfg = Release|Any CPU
		{0209F04A-CB83-46C9-8C7C-B3D65DFECE79}.Release|x86.Build.0 = Release|Any CPU
		{63293BFB-6B72-4FF4-9BC2-22D852ED0CCA}.Debug|Any CPU.ActiveCfg = Debug|Any CPU
		{63293BFB-6B72-4FF4-9BC2-22D852ED0CCA}.Debug|Any CPU.Build.0 = Debug|Any CPU
		{63293BFB-6B72-4FF4-9BC2-22D852ED0CCA}.Debug|x64.ActiveCfg = Debug|Any CPU
		{63293BFB-6B72-4FF4-9BC2-22D852ED0CCA}.Debug|x64.Build.0 = Debug|Any CPU
		{63293BFB-6B72-4FF4-9BC2-22D852ED0CCA}.Debug|x86.ActiveCfg = Debug|Any CPU
		{63293BFB-6B72-4FF4-9BC2-22D852ED0CCA}.Debug|x86.Build.0 = Debug|Any CPU
		{63293BFB-6B72-4FF4-9BC2-22D852ED0CCA}.Release|Any CPU.ActiveCfg = Release|Any CPU
		{63293BFB-6B72-4FF4-9BC2-22D852ED0CCA}.Release|Any CPU.Build.0 = Release|Any CPU
		{63293BFB-6B72-4FF4-9BC2-22D852ED0CCA}.Release|x64.ActiveCfg = Release|Any CPU
		{63293BFB-6B72-4FF4-9BC2-22D852ED0CCA}.Release|x64.Build.0 = Release|Any CPU
		{63293BFB-6B72-4FF4-9BC2-22D852ED0CCA}.Release|x86.ActiveCfg = Release|Any CPU
		{63293BFB-6B72-4FF4-9BC2-22D852ED0CCA}.Release|x86.Build.0 = Release|Any CPU
		{7D178842-215D-47AA-855D-2869578ACB63}.Debug|Any CPU.ActiveCfg = Debug|Any CPU
		{7D178842-215D-47AA-855D-2869578ACB63}.Debug|Any CPU.Build.0 = Debug|Any CPU
		{7D178842-215D-47AA-855D-2869578ACB63}.Debug|x64.ActiveCfg = Debug|Any CPU
		{7D178842-215D-47AA-855D-2869578ACB63}.Debug|x64.Build.0 = Debug|Any CPU
		{7D178842-215D-47AA-855D-2869578ACB63}.Debug|x86.ActiveCfg = Debug|Any CPU
		{7D178842-215D-47AA-855D-2869578ACB63}.Debug|x86.Build.0 = Debug|Any CPU
		{7D178842-215D-47AA-855D-2869578ACB63}.Release|Any CPU.ActiveCfg = Release|Any CPU
		{7D178842-215D-47AA-855D-2869578ACB63}.Release|Any CPU.Build.0 = Release|Any CPU
		{7D178842-215D-47AA-855D-2869578ACB63}.Release|x64.ActiveCfg = Release|Any CPU
		{7D178842-215D-47AA-855D-2869578ACB63}.Release|x64.Build.0 = Release|Any CPU
		{7D178842-215D-47AA-855D-2869578ACB63}.Release|x86.ActiveCfg = Release|Any CPU
		{7D178842-215D-47AA-855D-2869578ACB63}.Release|x86.Build.0 = Release|Any CPU
		{993C3B5C-5775-4B70-9BD7-7A2D81185264}.Debug|Any CPU.ActiveCfg = Debug|Any CPU
		{993C3B5C-5775-4B70-9BD7-7A2D81185264}.Debug|Any CPU.Build.0 = Debug|Any CPU
		{993C3B5C-5775-4B70-9BD7-7A2D81185264}.Debug|x64.ActiveCfg = Debug|Any CPU
		{993C3B5C-5775-4B70-9BD7-7A2D81185264}.Debug|x64.Build.0 = Debug|Any CPU
		{993C3B5C-5775-4B70-9BD7-7A2D81185264}.Debug|x86.ActiveCfg = Debug|Any CPU
		{993C3B5C-5775-4B70-9BD7-7A2D81185264}.Debug|x86.Build.0 = Debug|Any CPU
		{993C3B5C-5775-4B70-9BD7-7A2D81185264}.Release|Any CPU.ActiveCfg = Release|Any CPU
		{993C3B5C-5775-4B70-9BD7-7A2D81185264}.Release|Any CPU.Build.0 = Release|Any CPU
		{993C3B5C-5775-4B70-9BD7-7A2D81185264}.Release|x64.ActiveCfg = Release|Any CPU
		{993C3B5C-5775-4B70-9BD7-7A2D81185264}.Release|x64.Build.0 = Release|Any CPU
		{993C3B5C-5775-4B70-9BD7-7A2D81185264}.Release|x86.ActiveCfg = Release|Any CPU
		{993C3B5C-5775-4B70-9BD7-7A2D81185264}.Release|x86.Build.0 = Release|Any CPU
		{E07E08E9-8F1D-4170-B369-FFFEC3D63000}.Debug|Any CPU.ActiveCfg = Debug|Any CPU
		{E07E08E9-8F1D-4170-B369-FFFEC3D63000}.Debug|Any CPU.Build.0 = Debug|Any CPU
		{E07E08E9-8F1D-4170-B369-FFFEC3D63000}.Debug|x64.ActiveCfg = Debug|Any CPU
		{E07E08E9-8F1D-4170-B369-FFFEC3D63000}.Debug|x64.Build.0 = Debug|Any CPU
		{E07E08E9-8F1D-4170-B369-FFFEC3D63000}.Debug|x86.ActiveCfg = Debug|Any CPU
		{E07E08E9-8F1D-4170-B369-FFFEC3D63000}.Debug|x86.Build.0 = Debug|Any CPU
		{E07E08E9-8F1D-4170-B369-FFFEC3D63000}.Release|Any CPU.ActiveCfg = Release|Any CPU
		{E07E08E9-8F1D-4170-B369-FFFEC3D63000}.Release|Any CPU.Build.0 = Release|Any CPU
		{E07E08E9-8F1D-4170-B369-FFFEC3D63000}.Release|x64.ActiveCfg = Release|Any CPU
		{E07E08E9-8F1D-4170-B369-FFFEC3D63000}.Release|x64.Build.0 = Release|Any CPU
		{E07E08E9-8F1D-4170-B369-FFFEC3D63000}.Release|x86.ActiveCfg = Release|Any CPU
		{E07E08E9-8F1D-4170-B369-FFFEC3D63000}.Release|x86.Build.0 = Release|Any CPU
		{4024661C-D1D6-48AF-B55A-90F61E645581}.Debug|Any CPU.ActiveCfg = Debug|Any CPU
		{4024661C-D1D6-48AF-B55A-90F61E645581}.Debug|Any CPU.Build.0 = Debug|Any CPU
		{4024661C-D1D6-48AF-B55A-90F61E645581}.Debug|x64.ActiveCfg = Debug|Any CPU
		{4024661C-D1D6-48AF-B55A-90F61E645581}.Debug|x64.Build.0 = Debug|Any CPU
		{4024661C-D1D6-48AF-B55A-90F61E645581}.Debug|x86.ActiveCfg = Debug|Any CPU
		{4024661C-D1D6-48AF-B55A-90F61E645581}.Debug|x86.Build.0 = Debug|Any CPU
		{4024661C-D1D6-48AF-B55A-90F61E645581}.Release|Any CPU.ActiveCfg = Release|Any CPU
		{4024661C-D1D6-48AF-B55A-90F61E645581}.Release|Any CPU.Build.0 = Release|Any CPU
		{4024661C-D1D6-48AF-B55A-90F61E645581}.Release|x64.ActiveCfg = Release|Any CPU
		{4024661C-D1D6-48AF-B55A-90F61E645581}.Release|x64.Build.0 = Release|Any CPU
		{4024661C-D1D6-48AF-B55A-90F61E645581}.Release|x86.ActiveCfg = Release|Any CPU
		{4024661C-D1D6-48AF-B55A-90F61E645581}.Release|x86.Build.0 = Release|Any CPU
	EndGlobalSection
	GlobalSection(SolutionProperties) = preSolution
		HideSolutionNode = FALSE
	EndGlobalSection
EndGlobal
